// !$*UTF8*$!
{
	archiveVersion = 1;
	classes = {
	};
	objectVersion = 50;
	objects = {

/* Begin PBXBuildFile section */
		630EB88D25949ED400383A04 /* AppDelegate.m in Sources */ = {isa = PBXBuildFile; fileRef = 630EB88C25949ED400383A04 /* AppDelegate.m */; };
		630EB89025949ED400383A04 /* SceneDelegate.m in Sources */ = {isa = PBXBuildFile; fileRef = 630EB88F25949ED400383A04 /* SceneDelegate.m */; };
		630EB89325949ED400383A04 /* ViewController.m in Sources */ = {isa = PBXBuildFile; fileRef = 630EB89225949ED400383A04 /* ViewController.m */; };
		630EB89625949ED400383A04 /* Main.storyboard in Resources */ = {isa = PBXBuildFile; fileRef = 630EB89425949ED400383A04 /* Main.storyboard */; };
		630EB89825949ED800383A04 /* Assets.xcassets in Resources */ = {isa = PBXBuildFile; fileRef = 630EB89725949ED800383A04 /* Assets.xcassets */; };
		630EB89B25949ED800383A04 /* LaunchScreen.storyboard in Resources */ = {isa = PBXBuildFile; fileRef = 630EB89925949ED800383A04 /* LaunchScreen.storyboard */; };
		630EB89E25949ED800383A04 /* main.m in Sources */ = {isa = PBXBuildFile; fileRef = 630EB89D25949ED800383A04 /* main.m */; };
		630EB8A825949ED800383A04 /* LDSDKSTests.m in Sources */ = {isa = PBXBuildFile; fileRef = 630EB8A725949ED800383A04 /* LDSDKSTests.m */; };
		630EB8B325949ED800383A04 /* LDSDKSUITests.m in Sources */ = {isa = PBXBuildFile; fileRef = 630EB8B225949ED800383A04 /* LDSDKSUITests.m */; };
		630EB8D025949F2600383A04 /* LDParameter.m in Sources */ = {isa = PBXBuildFile; fileRef = 630EB8CB25949F2600383A04 /* LDParameter.m */; };
		630EB8D125949F2600383A04 /* LDBus.m in Sources */ = {isa = PBXBuildFile; fileRef = 630EB8CF25949F2600383A04 /* LDBus.m */; };
		630EB8DF25957B2400383A04 /* README.md in Resources */ = {isa = PBXBuildFile; fileRef = 630EB8DE25957B2400383A04 /* README.md */; };
/* End PBXBuildFile section */

/* Begin PBXContainerItemProxy section */
		630EB8A425949ED800383A04 /* PBXContainerItemProxy */ = {
			isa = PBXContainerItemProxy;
			containerPortal = 630EB88025949ED400383A04 /* Project object */;
			proxyType = 1;
			remoteGlobalIDString = 630EB88725949ED400383A04;
			remoteInfo = LDSDKS;
		};
		630EB8AF25949ED800383A04 /* PBXContainerItemProxy */ = {
			isa = PBXContainerItemProxy;
			containerPortal = 630EB88025949ED400383A04 /* Project object */;
			proxyType = 1;
			remoteGlobalIDString = 630EB88725949ED400383A04;
			remoteInfo = LDSDKS;
		};
/* End PBXContainerItemProxy section */

/* Begin PBXFileReference section */
		630EB88825949ED400383A04 /* LDSDKS.app */ = {isa = PBXFileReference; explicitFileType = wrapper.application; includeInIndex = 0; path = LDSDKS.app; sourceTree = BUILT_PRODUCTS_DIR; };
		630EB88B25949ED400383A04 /* AppDelegate.h */ = {isa = PBXFileReference; lastKnownFileType = sourcecode.c.h; path = AppDelegate.h; sourceTree = "<group>"; };
		630EB88C25949ED400383A04 /* AppDelegate.m */ = {isa = PBXFileReference; lastKnownFileType = sourcecode.c.objc; path = AppDelegate.m; sourceTree = "<group>"; };
		630EB88E25949ED400383A04 /* SceneDelegate.h */ = {isa = PBXFileReference; lastKnownFileType = sourcecode.c.h; path = SceneDelegate.h; sourceTree = "<group>"; };
		630EB88F25949ED400383A04 /* SceneDelegate.m */ = {isa = PBXFileReference; lastKnownFileType = sourcecode.c.objc; path = SceneDelegate.m; sourceTree = "<group>"; };
		630EB89125949ED400383A04 /* ViewController.h */ = {isa = PBXFileReference; lastKnownFileType = sourcecode.c.h; path = ViewController.h; sourceTree = "<group>"; };
		630EB89225949ED400383A04 /* ViewController.m */ = {isa = PBXFileReference; lastKnownFileType = sourcecode.c.objc; path = ViewController.m; sourceTree = "<group>"; };
		630EB89525949ED400383A04 /* Base */ = {isa = PBXFileReference; lastKnownFileType = file.storyboard; name = Base; path = Base.lproj/Main.storyboard; sourceTree = "<group>"; };
		630EB89725949ED800383A04 /* Assets.xcassets */ = {isa = PBXFileReference; lastKnownFileType = folder.assetcatalog; path = Assets.xcassets; sourceTree = "<group>"; };
		630EB89A25949ED800383A04 /* Base */ = {isa = PBXFileReference; lastKnownFileType = file.storyboard; name = Base; path = Base.lproj/LaunchScreen.storyboard; sourceTree = "<group>"; };
		630EB89C25949ED800383A04 /* Info.plist */ = {isa = PBXFileReference; lastKnownFileType = text.plist.xml; path = Info.plist; sourceTree = "<group>"; };
		630EB89D25949ED800383A04 /* main.m */ = {isa = PBXFileReference; lastKnownFileType = sourcecode.c.objc; path = main.m; sourceTree = "<group>"; };
		630EB8A325949ED800383A04 /* LDSDKSTests.xctest */ = {isa = PBXFileReference; explicitFileType = wrapper.cfbundle; includeInIndex = 0; path = LDSDKSTests.xctest; sourceTree = BUILT_PRODUCTS_DIR; };
		630EB8A725949ED800383A04 /* LDSDKSTests.m */ = {isa = PBXFileReference; lastKnownFileType = sourcecode.c.objc; path = LDSDKSTests.m; sourceTree = "<group>"; };
		630EB8A925949ED800383A04 /* Info.plist */ = {isa = PBXFileReference; lastKnownFileType = text.plist.xml; path = Info.plist; sourceTree = "<group>"; };
		630EB8AE25949ED800383A04 /* LDSDKSUITests.xctest */ = {isa = PBXFileReference; explicitFileType = wrapper.cfbundle; includeInIndex = 0; path = LDSDKSUITests.xctest; sourceTree = BUILT_PRODUCTS_DIR; };
		630EB8B225949ED800383A04 /* LDSDKSUITests.m */ = {isa = PBXFileReference; lastKnownFileType = sourcecode.c.objc; path = LDSDKSUITests.m; sourceTree = "<group>"; };
		630EB8B425949ED800383A04 /* Info.plist */ = {isa = PBXFileReference; lastKnownFileType = text.plist.xml; path = Info.plist; sourceTree = "<group>"; };
		630EB8CB25949F2600383A04 /* LDParameter.m */ = {isa = PBXFileReference; fileEncoding = 4; lastKnownFileType = sourcecode.c.objc; path = LDParameter.m; sourceTree = "<group>"; };
		630EB8CD25949F2600383A04 /* LDBus.h */ = {isa = PBXFileReference; fileEncoding = 4; lastKnownFileType = sourcecode.c.h; path = LDBus.h; sourceTree = "<group>"; };
		630EB8CE25949F2600383A04 /* LDParameter.h */ = {isa = PBXFileReference; fileEncoding = 4; lastKnownFileType = sourcecode.c.h; path = LDParameter.h; sourceTree = "<group>"; };
		630EB8CF25949F2600383A04 /* LDBus.m */ = {isa = PBXFileReference; fileEncoding = 4; lastKnownFileType = sourcecode.c.objc; path = LDBus.m; sourceTree = "<group>"; };
		630EB8DE25957B2400383A04 /* README.md */ = {isa = PBXFileReference; fileEncoding = 4; lastKnownFileType = net.daringfireball.markdown; path = README.md; sourceTree = "<group>"; };
/* End PBXFileReference section */

/* Begin PBXFrameworksBuildPhase section */
		630EB88525949ED400383A04 /* Frameworks */ = {
			isa = PBXFrameworksBuildPhase;
			buildActionMask = 2147483647;
			files = (
			);
			runOnlyForDeploymentPostprocessing = 0;
		};
		630EB8A025949ED800383A04 /* Frameworks */ = {
			isa = PBXFrameworksBuildPhase;
			buildActionMask = 2147483647;
			files = (
			);
			runOnlyForDeploymentPostprocessing = 0;
		};
		630EB8AB25949ED800383A04 /* Frameworks */ = {
			isa = PBXFrameworksBuildPhase;
			buildActionMask = 2147483647;
			files = (
			);
			runOnlyForDeploymentPostprocessing = 0;
		};
/* End PBXFrameworksBuildPhase section */

/* Begin PBXGroup section */
		630EB87F25949ED400383A04 = {
			isa = PBXGroup;
			children = (
				630EB8DE25957B2400383A04 /* README.md */,
				630EB88A25949ED400383A04 /* LDSDKS */,
				630EB8A625949ED800383A04 /* LDSDKSTests */,
				630EB8B125949ED800383A04 /* LDSDKSUITests */,
				630EB88925949ED400383A04 /* Products */,
			);
			sourceTree = "<group>";
		};
		630EB88925949ED400383A04 /* Products */ = {
			isa = PBXGroup;
			children = (
				630EB88825949ED400383A04 /* LDSDKS.app */,
				630EB8A325949ED800383A04 /* LDSDKSTests.xctest */,
				630EB8AE25949ED800383A04 /* LDSDKSUITests.xctest */,
			);
			name = Products;
			sourceTree = "<group>";
		};
		630EB88A25949ED400383A04 /* LDSDKS */ = {
			isa = PBXGroup;
			children = (
				630EB8C925949F2600383A04 /* SDKS */,
				630EB88B25949ED400383A04 /* AppDelegate.h */,
				630EB88C25949ED400383A04 /* AppDelegate.m */,
				630EB88E25949ED400383A04 /* SceneDelegate.h */,
				630EB88F25949ED400383A04 /* SceneDelegate.m */,
				630EB89125949ED400383A04 /* ViewController.h */,
				630EB89225949ED400383A04 /* ViewController.m */,
				630EB89425949ED400383A04 /* Main.storyboard */,
				630EB89725949ED800383A04 /* Assets.xcassets */,
				630EB89925949ED800383A04 /* LaunchScreen.storyboard */,
				630EB89C25949ED800383A04 /* Info.plist */,
				630EB89D25949ED800383A04 /* main.m */,
			);
			path = LDSDKS;
			sourceTree = "<group>";
		};
		630EB8A625949ED800383A04 /* LDSDKSTests */ = {
			isa = PBXGroup;
			children = (
				630EB8A725949ED800383A04 /* LDSDKSTests.m */,
				630EB8A925949ED800383A04 /* Info.plist */,
			);
			path = LDSDKSTests;
			sourceTree = "<group>";
		};
		630EB8B125949ED800383A04 /* LDSDKSUITests */ = {
			isa = PBXGroup;
			children = (
				630EB8B225949ED800383A04 /* LDSDKSUITests.m */,
				630EB8B425949ED800383A04 /* Info.plist */,
			);
			path = LDSDKSUITests;
			sourceTree = "<group>";
		};
		630EB8C925949F2600383A04 /* SDKS */ = {
			isa = PBXGroup;
			children = (
				630EB8CA25949F2600383A04 /* LDBus */,
			);
			path = SDKS;
			sourceTree = SOURCE_ROOT;
		};
		630EB8CA25949F2600383A04 /* LDBus */ = {
			isa = PBXGroup;
			children = (
				630EB8CD25949F2600383A04 /* LDBus.h */,
				630EB8CF25949F2600383A04 /* LDBus.m */,
				630EB8CE25949F2600383A04 /* LDParameter.h */,
				630EB8CB25949F2600383A04 /* LDParameter.m */,
			);
			path = LDBus;
			sourceTree = "<group>";
		};
/* End PBXGroup section */

/* Begin PBXNativeTarget section */
		630EB88725949ED400383A04 /* LDSDKS */ = {
			isa = PBXNativeTarget;
			buildConfigurationList = 630EB8B725949ED800383A04 /* Build configuration list for PBXNativeTarget "LDSDKS" */;
			buildPhases = (
				630EB88425949ED400383A04 /* Sources */,
				630EB88525949ED400383A04 /* Frameworks */,
				630EB88625949ED400383A04 /* Resources */,
			);
			buildRules = (
			);
			dependencies = (
			);
			name = LDSDKS;
			productName = LDSDKS;
			productReference = 630EB88825949ED400383A04 /* LDSDKS.app */;
			productType = "com.apple.product-type.application";
		};
		630EB8A225949ED800383A04 /* LDSDKSTests */ = {
			isa = PBXNativeTarget;
			buildConfigurationList = 630EB8BA25949ED800383A04 /* Build configuration list for PBXNativeTarget "LDSDKSTests" */;
			buildPhases = (
				630EB89F25949ED800383A04 /* Sources */,
				630EB8A025949ED800383A04 /* Frameworks */,
				630EB8A125949ED800383A04 /* Resources */,
			);
			buildRules = (
			);
			dependencies = (
				630EB8A525949ED800383A04 /* PBXTargetDependency */,
			);
			name = LDSDKSTests;
			productName = LDSDKSTests;
			productReference = 630EB8A325949ED800383A04 /* LDSDKSTests.xctest */;
			productType = "com.apple.product-type.bundle.unit-test";
		};
		630EB8AD25949ED800383A04 /* LDSDKSUITests */ = {
			isa = PBXNativeTarget;
			buildConfigurationList = 630EB8BD25949ED800383A04 /* Build configuration list for PBXNativeTarget "LDSDKSUITests" */;
			buildPhases = (
				630EB8AA25949ED800383A04 /* Sources */,
				630EB8AB25949ED800383A04 /* Frameworks */,
				630EB8AC25949ED800383A04 /* Resources */,
			);
			buildRules = (
			);
			dependencies = (
				630EB8B025949ED800383A04 /* PBXTargetDependency */,
			);
			name = LDSDKSUITests;
			productName = LDSDKSUITests;
			productReference = 630EB8AE25949ED800383A04 /* LDSDKSUITests.xctest */;
			productType = "com.apple.product-type.bundle.ui-testing";
		};
/* End PBXNativeTarget section */

/* Begin PBXProject section */
		630EB88025949ED400383A04 /* Project object */ = {
			isa = PBXProject;
			attributes = {
				LastUpgradeCheck = 1210;
				TargetAttributes = {
					630EB88725949ED400383A04 = {
						CreatedOnToolsVersion = 12.1;
					};
					630EB8A225949ED800383A04 = {
						CreatedOnToolsVersion = 12.1;
						TestTargetID = 630EB88725949ED400383A04;
					};
					630EB8AD25949ED800383A04 = {
						CreatedOnToolsVersion = 12.1;
						TestTargetID = 630EB88725949ED400383A04;
					};
				};
			};
			buildConfigurationList = 630EB88325949ED400383A04 /* Build configuration list for PBXProject "LDSDKS" */;
			compatibilityVersion = "Xcode 9.3";
			developmentRegion = en;
			hasScannedForEncodings = 0;
			knownRegions = (
				en,
				Base,
			);
			mainGroup = 630EB87F25949ED400383A04;
			productRefGroup = 630EB88925949ED400383A04 /* Products */;
			projectDirPath = "";
			projectRoot = "";
			targets = (
				630EB88725949ED400383A04 /* LDSDKS */,
				630EB8A225949ED800383A04 /* LDSDKSTests */,
				630EB8AD25949ED800383A04 /* LDSDKSUITests */,
			);
		};
/* End PBXProject section */

/* Begin PBXResourcesBuildPhase section */
		630EB88625949ED400383A04 /* Resources */ = {
			isa = PBXResourcesBuildPhase;
			buildActionMask = 2147483647;
			files = (
				630EB89B25949ED800383A04 /* LaunchScreen.storyboard in Resources */,
				630EB89825949ED800383A04 /* Assets.xcassets in Resources */,
				630EB8DF25957B2400383A04 /* README.md in Resources */,
				630EB89625949ED400383A04 /* Main.storyboard in Resources */,
			);
			runOnlyForDeploymentPostprocessing = 0;
		};
		630EB8A125949ED800383A04 /* Resources */ = {
			isa = PBXResourcesBuildPhase;
			buildActionMask = 2147483647;
			files = (
			);
			runOnlyForDeploymentPostprocessing = 0;
		};
		630EB8AC25949ED800383A04 /* Resources */ = {
			isa = PBXResourcesBuildPhase;
			buildActionMask = 2147483647;
			files = (
			);
			runOnlyForDeploymentPostprocessing = 0;
		};
/* End PBXResourcesBuildPhase section */

/* Begin PBXSourcesBuildPhase section */
		630EB88425949ED400383A04 /* Sources */ = {
			isa = PBXSourcesBuildPhase;
			buildActionMask = 2147483647;
			files = (
				630EB8D125949F2600383A04 /* LDBus.m in Sources */,
				630EB89325949ED400383A04 /* ViewController.m in Sources */,
				630EB88D25949ED400383A04 /* AppDelegate.m in Sources */,
				630EB89E25949ED800383A04 /* main.m in Sources */,
				630EB89025949ED400383A04 /* SceneDelegate.m in Sources */,
				630EB8D025949F2600383A04 /* LDParameter.m in Sources */,
			);
			runOnlyForDeploymentPostprocessing = 0;
		};
		630EB89F25949ED800383A04 /* Sources */ = {
			isa = PBXSourcesBuildPhase;
			buildActionMask = 2147483647;
			files = (
				630EB8A825949ED800383A04 /* LDSDKSTests.m in Sources */,
			);
			runOnlyForDeploymentPostprocessing = 0;
		};
		630EB8AA25949ED800383A04 /* Sources */ = {
			isa = PBXSourcesBuildPhase;
			buildActionMask = 2147483647;
			files = (
				630EB8B325949ED800383A04 /* LDSDKSUITests.m in Sources */,
			);
			runOnlyForDeploymentPostprocessing = 0;
		};
/* End PBXSourcesBuildPhase section */

/* Begin PBXTargetDependency section */
		630EB8A525949ED800383A04 /* PBXTargetDependency */ = {
			isa = PBXTargetDependency;
			target = 630EB88725949ED400383A04 /* LDSDKS */;
			targetProxy = 630EB8A425949ED800383A04 /* PBXContainerItemProxy */;
		};
		630EB8B025949ED800383A04 /* PBXTargetDependency */ = {
			isa = PBXTargetDependency;
			target = 630EB88725949ED400383A04 /* LDSDKS */;
			targetProxy = 630EB8AF25949ED800383A04 /* PBXContainerItemProxy */;
		};
/* End PBXTargetDependency section */

/* Begin PBXVariantGroup section */
		630EB89425949ED400383A04 /* Main.storyboard */ = {
			isa = PBXVariantGroup;
			children = (
				630EB89525949ED400383A04 /* Base */,
			);
			name = Main.storyboard;
			sourceTree = "<group>";
		};
		630EB89925949ED800383A04 /* LaunchScreen.storyboard */ = {
			isa = PBXVariantGroup;
			children = (
				630EB89A25949ED800383A04 /* Base */,
			);
			name = LaunchScreen.storyboard;
			sourceTree = "<group>";
		};
/* End PBXVariantGroup section */

/* Begin XCBuildConfiguration section */
		630EB8B525949ED800383A04 /* Debug */ = {
			isa = XCBuildConfiguration;
			buildSettings = {
				ALWAYS_SEARCH_USER_PATHS = NO;
				CLANG_ANALYZER_NONNULL = YES;
				CLANG_ANALYZER_NUMBER_OBJECT_CONVERSION = YES_AGGRESSIVE;
				CLANG_CXX_LANGUAGE_STANDARD = "gnu++14";
				CLANG_CXX_LIBRARY = "libc++";
				CLANG_ENABLE_MODULES = YES;
				CLANG_ENABLE_OBJC_ARC = YES;
				CLANG_ENABLE_OBJC_WEAK = YES;
				CLANG_WARN_BLOCK_CAPTURE_AUTORELEASING = YES;
				CLANG_WARN_BOOL_CONVERSION = YES;
				CLANG_WARN_COMMA = YES;
				CLANG_WARN_CONSTANT_CONVERSION = YES;
				CLANG_WARN_DEPRECATED_OBJC_IMPLEMENTATIONS = YES;
				CLANG_WARN_DIRECT_OBJC_ISA_USAGE = YES_ERROR;
				CLANG_WARN_DOCUMENTATION_COMMENTS = YES;
				CLANG_WARN_EMPTY_BODY = YES;
				CLANG_WARN_ENUM_CONVERSION = YES;
				CLANG_WARN_INFINITE_RECURSION = YES;
				CLANG_WARN_INT_CONVERSION = YES;
				CLANG_WARN_NON_LITERAL_NULL_CONVERSION = YES;
				CLANG_WARN_OBJC_IMPLICIT_RETAIN_SELF = YES;
				CLANG_WARN_OBJC_LITERAL_CONVERSION = YES;
				CLANG_WARN_OBJC_ROOT_CLASS = YES_ERROR;
				CLANG_WARN_QUOTED_INCLUDE_IN_FRAMEWORK_HEADER = YES;
				CLANG_WARN_RANGE_LOOP_ANALYSIS = YES;
				CLANG_WARN_STRICT_PROTOTYPES = YES;
				CLANG_WARN_SUSPICIOUS_MOVE = YES;
				CLANG_WARN_UNGUARDED_AVAILABILITY = YES_AGGRESSIVE;
				CLANG_WARN_UNREACHABLE_CODE = YES;
				CLANG_WARN__DUPLICATE_METHOD_MATCH = YES;
				COPY_PHASE_STRIP = NO;
				DEBUG_INFORMATION_FORMAT = dwarf;
				ENABLE_STRICT_OBJC_MSGSEND = YES;
				ENABLE_TESTABILITY = YES;
				GCC_C_LANGUAGE_STANDARD = gnu11;
				GCC_DYNAMIC_NO_PIC = NO;
				GCC_NO_COMMON_BLOCKS = YES;
				GCC_OPTIMIZATION_LEVEL = 0;
				GCC_PREPROCESSOR_DEFINITIONS = (
					"DEBUG=1",
					"$(inherited)",
				);
				GCC_WARN_64_TO_32_BIT_CONVERSION = YES;
				GCC_WARN_ABOUT_RETURN_TYPE = YES_ERROR;
				GCC_WARN_UNDECLARED_SELECTOR = YES;
				GCC_WARN_UNINITIALIZED_AUTOS = YES_AGGRESSIVE;
				GCC_WARN_UNUSED_FUNCTION = YES;
				GCC_WARN_UNUSED_VARIABLE = YES;
				IPHONEOS_DEPLOYMENT_TARGET = 14.1;
				MTL_ENABLE_DEBUG_INFO = INCLUDE_SOURCE;
				MTL_FAST_MATH = YES;
				ONLY_ACTIVE_ARCH = YES;
				SDKROOT = iphoneos;
			};
			name = Debug;
		};
		630EB8B625949ED800383A04 /* Release */ = {
			isa = XCBuildConfiguration;
			buildSettings = {
				ALWAYS_SEARCH_USER_PATHS = NO;
				CLANG_ANALYZER_NONNULL = YES;
				CLANG_ANALYZER_NUMBER_OBJECT_CONVERSION = YES_AGGRESSIVE;
				CLANG_CXX_LANGUAGE_STANDARD = "gnu++14";
				CLANG_CXX_LIBRARY = "libc++";
				CLANG_ENABLE_MODULES = YES;
				CLANG_ENABLE_OBJC_ARC = YES;
				CLANG_ENABLE_OBJC_WEAK = YES;
				CLANG_WARN_BLOCK_CAPTURE_AUTORELEASING = YES;
				CLANG_WARN_BOOL_CONVERSION = YES;
				CLANG_WARN_COMMA = YES;
				CLANG_WARN_CONSTANT_CONVERSION = YES;
				CLANG_WARN_DEPRECATED_OBJC_IMPLEMENTATIONS = YES;
				CLANG_WARN_DIRECT_OBJC_ISA_USAGE = YES_ERROR;
				CLANG_WARN_DOCUMENTATION_COMMENTS = YES;
				CLANG_WARN_EMPTY_BODY = YES;
				CLANG_WARN_ENUM_CONVERSION = YES;
				CLANG_WARN_INFINITE_RECURSION = YES;
				CLANG_WARN_INT_CONVERSION = YES;
				CLANG_WARN_NON_LITERAL_NULL_CONVERSION = YES;
				CLANG_WARN_OBJC_IMPLICIT_RETAIN_SELF = YES;
				CLANG_WARN_OBJC_LITERAL_CONVERSION = YES;
				CLANG_WARN_OBJC_ROOT_CLASS = YES_ERROR;
				CLANG_WARN_QUOTED_INCLUDE_IN_FRAMEWORK_HEADER = YES;
				CLANG_WARN_RANGE_LOOP_ANALYSIS = YES;
				CLANG_WARN_STRICT_PROTOTYPES = YES;
				CLANG_WARN_SUSPICIOUS_MOVE = YES;
				CLANG_WARN_UNGUARDED_AVAILABILITY = YES_AGGRESSIVE;
				CLANG_WARN_UNREACHABLE_CODE = YES;
				CLANG_WARN__DUPLICATE_METHOD_MATCH = YES;
				COPY_PHASE_STRIP = NO;
				DEBUG_INFORMATION_FORMAT = "dwarf-with-dsym";
				ENABLE_NS_ASSERTIONS = NO;
				ENABLE_STRICT_OBJC_MSGSEND = YES;
				GCC_C_LANGUAGE_STANDARD = gnu11;
				GCC_NO_COMMON_BLOCKS = YES;
				GCC_WARN_64_TO_32_BIT_CONVERSION = YES;
				GCC_WARN_ABOUT_RETURN_TYPE = YES_ERROR;
				GCC_WARN_UNDECLARED_SELECTOR = YES;
				GCC_WARN_UNINITIALIZED_AUTOS = YES_AGGRESSIVE;
				GCC_WARN_UNUSED_FUNCTION = YES;
				GCC_WARN_UNUSED_VARIABLE = YES;
				IPHONEOS_DEPLOYMENT_TARGET = 14.1;
				MTL_ENABLE_DEBUG_INFO = NO;
				MTL_FAST_MATH = YES;
				SDKROOT = iphoneos;
				VALIDATE_PRODUCT = YES;
			};
			name = Release;
		};
		630EB8B825949ED800383A04 /* Debug */ = {
			isa = XCBuildConfiguration;
			buildSettings = {
				ASSETCATALOG_COMPILER_APPICON_NAME = AppIcon;
				ASSETCATALOG_COMPILER_GLOBAL_ACCENT_COLOR_NAME = AccentColor;
				CODE_SIGN_STYLE = Automatic;
				DEVELOPMENT_TEAM = R9DEAJ56EY;
				INFOPLIST_FILE = LDSDKS/Info.plist;
				IPHONEOS_DEPLOYMENT_TARGET = 14.0;
				LD_RUNPATH_SEARCH_PATHS = (
					"$(inherited)",
					"@executable_path/Frameworks",
				);
				PRODUCT_BUNDLE_IDENTIFIER = com.ld.LDSDKS;
				PRODUCT_NAME = "$(TARGET_NAME)";
				TARGETED_DEVICE_FAMILY = "1,2";
			};
			name = Debug;
		};
		630EB8B925949ED800383A04 /* Release */ = {
			isa = XCBuildConfiguration;
			buildSettings = {
				ASSETCATALOG_COMPILER_APPICON_NAME = AppIcon;
				ASSETCATALOG_COMPILER_GLOBAL_ACCENT_COLOR_NAME = AccentColor;
				CODE_SIGN_STYLE = Automatic;
				DEVELOPMENT_TEAM = R9DEAJ56EY;
				INFOPLIST_FILE = LDSDKS/Info.plist;
				IPHONEOS_DEPLOYMENT_TARGET = 14.0;
				LD_RUNPATH_SEARCH_PATHS = (
					"$(inherited)",
					"@executable_path/Frameworks",
				);
				PRODUCT_BUNDLE_IDENTIFIER = com.ld.LDSDKS;
				PRODUCT_NAME = "$(TARGET_NAME)";
				TARGETED_DEVICE_FAMILY = "1,2";
			};
			name = Release;
		};
		630EB8BB25949ED800383A04 /* Debug */ = {
			isa = XCBuildConfiguration;
			buildSettings = {
				BUNDLE_LOADER = "$(TEST_HOST)";
				CODE_SIGN_STYLE = Automatic;
				DEVELOPMENT_TEAM = R9DEAJ56EY;
				INFOPLIST_FILE = LDSDKSTests/Info.plist;
				IPHONEOS_DEPLOYMENT_TARGET = 14.1;
				LD_RUNPATH_SEARCH_PATHS = (
					"$(inherited)",
					"@executable_path/Frameworks",
					"@loader_path/Frameworks",
				);
				PRODUCT_BUNDLE_IDENTIFIER = com.ld.LDSDKSTests;
				PRODUCT_NAME = "$(TARGET_NAME)";
				TARGETED_DEVICE_FAMILY = "1,2";
				TEST_HOST = "$(BUILT_PRODUCTS_DIR)/LDSDKS.app/LDSDKS";
			};
			name = Debug;
		};
		630EB8BC25949ED800383A04 /* Release */ = {
			isa = XCBuildConfiguration;
			buildSettings = {
				BUNDLE_LOADER = "$(TEST_HOST)";
				CODE_SIGN_STYLE = Automatic;
				DEVELOPMENT_TEAM = R9DEAJ56EY;
				INFOPLIST_FILE = LDSDKSTests/Info.plist;
				IPHONEOS_DEPLOYMENT_TARGET = 14.1;
				LD_RUNPATH_SEARCH_PATHS = (
					"$(inherited)",
					"@executable_path/Frameworks",
					"@loader_path/Frameworks",
				);
				PRODUCT_BUNDLE_IDENTIFIER = com.ld.LDSDKSTests;
				PRODUCT_NAME = "$(TARGET_NAME)";
				TARGETED_DEVICE_FAMILY = "1,2";
				TEST_HOST = "$(BUILT_PRODUCTS_DIR)/LDSDKS.app/LDSDKS";
			};
			name = Release;
		};
		630EB8BE25949ED800383A04 /* Debug */ = {
			isa = XCBuildConfiguration;
			buildSettings = {
				CODE_SIGN_STYLE = Automatic;
				DEVELOPMENT_TEAM = R9DEAJ56EY;
				INFOPLIST_FILE = LDSDKSUITests/Info.plist;
				LD_RUNPATH_SEARCH_PATHS = (
					"$(inherited)",
					"@executable_path/Frameworks",
					"@loader_path/Frameworks",
				);
				PRODUCT_BUNDLE_IDENTIFIER = com.ld.LDSDKSUITests;
				PRODUCT_NAME = "$(TARGET_NAME)";
				TARGETED_DEVICE_FAMILY = "1,2";
				TEST_TARGET_NAME = LDSDKS;
			};
			name = Debug;
		};
		630EB8BF25949ED800383A04 /* Release */ = {
			isa = XCBuildConfiguration;
			buildSettings = {
				CODE_SIGN_STYLE = Automatic;
				DEVELOPMENT_TEAM = R9DEAJ56EY;
				INFOPLIST_FILE = LDSDKSUITests/Info.plist;
				LD_RUNPATH_SEARCH_PATHS = (
					"$(inherited)",
					"@executable_path/Frameworks",
					"@loader_path/Frameworks",
				);
				PRODUCT_BUNDLE_IDENTIFIER = com.ld.LDSDKSUITests;
				PRODUCT_NAME = "$(TARGET_NAME)";
				TARGETED_DEVICE_FAMILY = "1,2";
				TEST_TARGET_NAME = LDSDKS;
			};
			name = Release;
		};
/* End XCBuildConfiguration section */

/* Begin XCConfigurationList section */
		630EB88325949ED400383A04 /* Build configuration list for PBXProject "LDSDKS" */ = {
			isa = XCConfigurationList;
			buildConfigurations = (
				630EB8B525949ED800383A04 /* Debug */,
				630EB8B625949ED800383A04 /* Release */,
			);
			defaultConfigurationIsVisible = 0;
			defaultConfigurationName = Release;
		};
		630EB8B725949ED800383A04 /* Build configuration list for PBXNativeTarget "LDSDKS" */ = {
			isa = XCConfigurationList;
			buildConfigurations = (
				630EB8B825949ED800383A04 /* Debug */,
				630EB8B925949ED800383A04 /* Release */,
			);
			defaultConfigurationIsVisible = 0;
			defaultConfigurationName = Release;
		};
		630EB8BA25949ED800383A04 /* Build configuration list for PBXNativeTarget "LDSDKSTests" */ = {
			isa = XCConfigurationList;
			buildConfigurations = (
				630EB8BB25949ED800383A04 /* Debug */,
				630EB8BC25949ED800383A04 /* Release */,
			);
			defaultConfigurationIsVisible = 0;
			defaultConfigurationName = Release;
		};
		630EB8BD25949ED800383A04 /* Build configuration list for PBXNativeTarget "LDSDKSUITests" */ = {
			isa = XCConfigurationList;
			buildConfigurations = (
				630EB8BE25949ED800383A04 /* Debug */,
				630EB8BF25949ED800383A04 /* Release */,
			);
			defaultConfigurationIsVisible = 0;
			defaultConfigurationName = Release;
		};
/* End XCConfigurationList section */
	};
	rootObject = 630EB88025949ED400383A04 /* Project object */;
}
